
Microsoft Visual Studio Solution File, Format Version 10.00
# Visual Studio 2008
Project("{8BC9CEB8-8B4A-11D0-8D11-00A0C91BC942}") = "Inteligencia", "Inteligencia\Inteligencia.vcproj", "{CED716D5-843C-472D-AF8A-FC04813AA576}"
EndProject
Project("{8BC9CEB8-8B4A-11D0-8D11-00A0C91BC942}") = "Comunicacao", "Comunicacao\Comunicacao.vcproj", "{5D7A8BF5-424F-4380-99F3-ED700DF3F7BF}"
EndProject
Project("{FAE04EC0-301F-11D3-BF4B-00C04F79EFBC}") = "Transmissao", "Transmissao\Transmissao.csproj", "{1540404C-8607-4AA8-B5BF-D8F984F4A079}"
EndProject
Project("{8BC9CEB8-8B4A-11D0-8D11-00A0C91BC942}") = "Planejador", "Planejador\Planejador.vcproj", "{3FDFDD46-FA44-40A1-9A39-8F8132EF1A3D}"
EndProject
Project("{8BC9CEB8-8B4A-11D0-8D11-00A0C91BC942}") = "LibSimulation", "LibSimulation\LibSimulation.vcproj", "{01AF3371-9AB8-4A89-AE9A-98976EF5DC0F}"
EndProject
Project("{8BC9CEB8-8B4A-11D0-8D11-00A0C91BC942}") = "Simulation", "Simulation\Simulation.vcproj", "{B4E8A085-5738-4BFB-A95A-4F7E3C86A0F1}"
EndProject
Global
	GlobalSection(SubversionScc) = preSolution
		Svn-Managed = True
		Manager = AnkhSVN - Subversion Support for Visual Studio
	EndGlobalSection
	GlobalSection(SolutionConfigurationPlatforms) = preSolution
		Debug|Mixed Platforms = Debug|Mixed Platforms
		Debug|Mixed Platforms x64 = Debug|Mixed Platforms x64
		Release|Mixed Platforms = Release|Mixed Platforms
		Release|Mixed Platforms x64 = Release|Mixed Platforms x64
	EndGlobalSection
	GlobalSection(ProjectConfigurationPlatforms) = postSolution
		{CED716D5-843C-472D-AF8A-FC04813AA576}.Debug|Mixed Platforms.ActiveCfg = Debug|Win32
		{CED716D5-843C-472D-AF8A-FC04813AA576}.Debug|Mixed Platforms.Build.0 = Debug|Win32
		{CED716D5-843C-472D-AF8A-FC04813AA576}.Debug|Mixed Platforms x64.ActiveCfg = Debug|x64
		{CED716D5-843C-472D-AF8A-FC04813AA576}.Debug|Mixed Platforms x64.Build.0 = Debug|x64
		{CED716D5-843C-472D-AF8A-FC04813AA576}.Release|Mixed Platforms.ActiveCfg = Release|Win32
		{CED716D5-843C-472D-AF8A-FC04813AA576}.Release|Mixed Platforms.Build.0 = Release|Win32
		{CED716D5-843C-472D-AF8A-FC04813AA576}.Release|Mixed Platforms x64.ActiveCfg = Release|x64
		{CED716D5-843C-472D-AF8A-FC04813AA576}.Release|Mixed Platforms x64.Build.0 = Release|x64
		{5D7A8BF5-424F-4380-99F3-ED700DF3F7BF}.Debug|Mixed Platforms.ActiveCfg = Debug|Win32
		{5D7A8BF5-424F-4380-99F3-ED700DF3F7BF}.Debug|Mixed Platforms.Build.0 = Debug|Win32
		{5D7A8BF5-424F-4380-99F3-ED700DF3F7BF}.Debug|Mixed Platforms x64.ActiveCfg = Debug|x64
		{5D7A8BF5-424F-4380-99F3-ED700DF3F7BF}.Debug|Mixed Platforms x64.Build.0 = Debug|x64
		{5D7A8BF5-424F-4380-99F3-ED700DF3F7BF}.Release|Mixed Platforms.ActiveCfg = Release|Win32
		{5D7A8BF5-424F-4380-99F3-ED700DF3F7BF}.Release|Mixed Platforms.Build.0 = Release|Win32
		{5D7A8BF5-424F-4380-99F3-ED700DF3F7BF}.Release|Mixed Platforms x64.ActiveCfg = Release|x64
		{5D7A8BF5-424F-4380-99F3-ED700DF3F7BF}.Release|Mixed Platforms x64.Build.0 = Release|x64
		{1540404C-8607-4AA8-B5BF-D8F984F4A079}.Debug|Mixed Platforms.ActiveCfg = Debug|Any CPU
		{1540404C-8607-4AA8-B5BF-D8F984F4A079}.Debug|Mixed Platforms.Build.0 = Debug|Any CPU
		{1540404C-8607-4AA8-B5BF-D8F984F4A079}.Debug|Mixed Platforms x64.ActiveCfg = Debug|x64
		{1540404C-8607-4AA8-B5BF-D8F984F4A079}.Debug|Mixed Platforms x64.Build.0 = Debug|x64
		{1540404C-8607-4AA8-B5BF-D8F984F4A079}.Release|Mixed Platforms.ActiveCfg = Release|Any CPU
		{1540404C-8607-4AA8-B5BF-D8F984F4A079}.Release|Mixed Platforms.Build.0 = Release|Any CPU
		{1540404C-8607-4AA8-B5BF-D8F984F4A079}.Release|Mixed Platforms x64.ActiveCfg = Release|x64
		{1540404C-8607-4AA8-B5BF-D8F984F4A079}.Release|Mixed Platforms x64.Build.0 = Release|x64
		{3FDFDD46-FA44-40A1-9A39-8F8132EF1A3D}.Debug|Mixed Platforms.ActiveCfg = Debug|Win32
		{3FDFDD46-FA44-40A1-9A39-8F8132EF1A3D}.Debug|Mixed Platforms x64.ActiveCfg = Debug|Win32
		{3FDFDD46-FA44-40A1-9A39-8F8132EF1A3D}.Debug|Mixed Platforms x64.Build.0 = Debug|Win32
		{3FDFDD46-FA44-40A1-9A39-8F8132EF1A3D}.Release|Mixed Platforms.ActiveCfg = Release|Win32
		{3FDFDD46-FA44-40A1-9A39-8F8132EF1A3D}.Release|Mixed Platforms.Build.0 = Release|Win32
		{3FDFDD46-FA44-40A1-9A39-8F8132EF1A3D}.Release|Mixed Platforms x64.ActiveCfg = Release|Win32
		{01AF3371-9AB8-4A89-AE9A-98976EF5DC0F}.Debug|Mixed Platforms.ActiveCfg = Debug|Win32
		{01AF3371-9AB8-4A89-AE9A-98976EF5DC0F}.Debug|Mixed Platforms.Build.0 = Debug|Win32
		{01AF3371-9AB8-4A89-AE9A-98976EF5DC0F}.Debug|Mixed Platforms x64.ActiveCfg = Debug|x64
		{01AF3371-9AB8-4A89-AE9A-98976EF5DC0F}.Debug|Mixed Platforms x64.Build.0 = Debug|x64
		{01AF3371-9AB8-4A89-AE9A-98976EF5DC0F}.Release|Mixed Platforms.ActiveCfg = Release|Win32
		{01AF3371-9AB8-4A89-AE9A-98976EF5DC0F}.Release|Mixed Platforms.Build.0 = Release|Win32
		{01AF3371-9AB8-4A89-AE9A-98976EF5DC0F}.Release|Mixed Platforms x64.ActiveCfg = Release|x64
		{01AF3371-9AB8-4A89-AE9A-98976EF5DC0F}.Release|Mixed Platforms x64.Build.0 = Release|x64
		{B4E8A085-5738-4BFB-A95A-4F7E3C86A0F1}.Debug|Mixed Platforms.ActiveCfg = Debug|Win32
		{B4E8A085-5738-4BFB-A95A-4F7E3C86A0F1}.Debug|Mixed Platforms.Build.0 = Debug|Win32
		{B4E8A085-5738-4BFB-A95A-4F7E3C86A0F1}.Debug|Mixed Platforms x64.ActiveCfg = Debug|x64
		{B4E8A085-5738-4BFB-A95A-4F7E3C86A0F1}.Debug|Mixed Platforms x64.Build.0 = Debug|x64
		{B4E8A085-5738-4BFB-A95A-4F7E3C86A0F1}.Release|Mixed Platforms.ActiveCfg = Release|Win32
		{B4E8A085-5738-4BFB-A95A-4F7E3C86A0F1}.Release|Mixed Platforms.Build.0 = Release|Win32
		{B4E8A085-5738-4BFB-A95A-4F7E3C86A0F1}.Release|Mixed Platforms x64.ActiveCfg = Release|x64
		{B4E8A085-5738-4BFB-A95A-4F7E3C86A0F1}.Release|Mixed Platforms x64.Build.0 = Release|x64
	EndGlobalSection
	GlobalSection(SolutionProperties) = preSolution
		HideSolutionNode = FALSE
	EndGlobalSection
EndGlobal
